
Microsoft Visual Studio Solution File, Format Version 12.00
# Visual Studio 14
VisualStudioVersion = 14.0.25420.1
MinimumVisualStudioVersion = 10.0.40219.1
Project("{FAE04EC0-301F-11D3-BF4B-00C04F79EFBC}") = "IntegerFactors", "IntegerFactors\IntegerFactors.csproj", "{8A3BB5C4-1E07-436A-A3DA-F90E34B4C611}"
EndProject
Project("{FAE04EC0-301F-11D3-BF4B-00C04F79EFBC}") = "IntegerFactorsTest", "IntegerFactorsTest\IntegerFactorsTest.csproj", "{374C7145-B5AC-4274-8C1B-99B2DF0B6159}"
EndProject
Project("{2150E333-8FDC-42A3-9474-1A3956D46DE8}") = "Tests", "Tests", "{D7D0542A-3F23-4906-AD49-0EC73A9B49AC}"
EndProject
Global
	GlobalSection(SolutionConfigurationPlatforms) = preSolution
		Debug|Any CPU = Debug|Any CPU
		Release|Any CPU = Release|Any CPU
	EndGlobalSection
	GlobalSection(ProjectConfigurationPlatforms) = postSolution
		{8A3BB5C4-1E07-436A-A3DA-F90E34B4C611}.Debug|Any CPU.ActiveCfg = Debug|Any CPU
		{8A3BB5C4-1E07-436A-A3DA-F90E34B4C611}.Debug|Any CPU.Build.0 = Debug|Any CPU
		{8A3BB5C4-1E07-436A-A3DA-F90E34B4C611}.Release|Any CPU.ActiveCfg = Release|Any CPU
		{8A3BB5C4-1E07-436A-A3DA-F90E34B4C611}.Release|Any CPU.Build.0 = Release|Any CPU
		{374C7145-B5AC-4274-8C1B-99B2DF0B6159}.Debug|Any CPU.ActiveCfg = Debug|Any CPU
		{374C7145-B5AC-4274-8C1B-99B2DF0B6159}.Debug|Any CPU.Build.0 = Debug|Any CPU
		{374C7145-B5AC-4274-8C1B-99B2DF0B6159}.Release|Any CPU.ActiveCfg = Release|Any CPU
		{374C7145-B5AC-4274-8C1B-99B2DF0B6159}.Release|Any CPU.Build.0 = Release|Any CPU
	EndGlobalSection
	GlobalSection(SolutionProperties) = preSolution
		HideSolutionNode = FALSE
	EndGlobalSection
	GlobalSection(NestedProjects) = preSolution
		{374C7145-B5AC-4274-8C1B-99B2DF0B6159} = {D7D0542A-3F23-4906-AD49-0EC73A9B49AC}
	EndGlobalSection
EndGlobal
